
Microsoft Visual Studio Solution File, Format Version 12.00
# Visual Studio Version 17
VisualStudioVersion = 17.2.32630.192
MinimumVisualStudioVersion = 10.0.40219.1
Project("{9A19103F-16F7-4668-BE54-9A1E7A4F7556}") = "R5T.T0016.Construction", "R5T.T0016.Construction\R5T.T0016.Construction.csproj", "{E2284820-6264-4896-8990-E280CD131441}"
EndProject
Project("{9A19103F-16F7-4668-BE54-9A1E7A4F7556}") = "R5T.T0016", "R5T.T0016\R5T.T0016.csproj", "{9540E748-331E-4C5E-8EF5-59258CDB9948}"
EndProject
Project("{2150E333-8FDC-42A3-9474-1A3956D46DE8}") = "_Dependencies", "_Dependencies", "{A974AD4A-F5EF-4AD7-BAEE-7561FBC7118F}"
EndProject
Project("{9A19103F-16F7-4668-BE54-9A1E7A4F7556}") = "R5T.T0131", "..\..\R5T.T0131\source\R5T.T0131\R5T.T0131.csproj", "{24367E89-C29D-4017-A898-91F5D83FAF99}"
EndProject
Project("{9A19103F-16F7-4668-BE54-9A1E7A4F7556}") = "R5T.T0132", "..\..\R5T.T0132\source\R5T.T0132\R5T.T0132.csproj", "{5541AD2C-A3C1-49C4-86E5-3BE617F24CFD}"
EndProject
Project("{9A19103F-16F7-4668-BE54-9A1E7A4F7556}") = "R5T.T0143", "..\..\R5T.T0143\source\R5T.T0143\R5T.T0143.csproj", "{75D34481-5072-4F19-B4E3-343B41783B8E}"
EndProject
Project("{9A19103F-16F7-4668-BE54-9A1E7A4F7556}") = "R5T.Z0000", "..\..\R5T.Z0000\source\R5T.Z0000\R5T.Z0000.csproj", "{FC6F08C9-EA4A-4A73-BD05-313EBAD9AFBC}"
EndProject
Project("{9A19103F-16F7-4668-BE54-9A1E7A4F7556}") = "R5T.T0156", "..\..\R5T.T0156\source\R5T.T0156\R5T.T0156.csproj", "{750F39D2-A99C-4068-8C7F-5F22AA7458E5}"
EndProject
Project("{9A19103F-16F7-4668-BE54-9A1E7A4F7556}") = "R5T.Y0000", "..\..\R5T.Y0000\source\R5T.Y0000\R5T.Y0000.csproj", "{D9BB18D8-E927-413F-BA05-B2DE9858E567}"
EndProject
Global
	GlobalSection(NestedProjects) = preSolution
		{24367E89-C29D-4017-A898-91F5D83FAF99} = {A974AD4A-F5EF-4AD7-BAEE-7561FBC7118F}
		{5541AD2C-A3C1-49C4-86E5-3BE617F24CFD} = {A974AD4A-F5EF-4AD7-BAEE-7561FBC7118F}
		{75D34481-5072-4F19-B4E3-343B41783B8E} = {A974AD4A-F5EF-4AD7-BAEE-7561FBC7118F}
		{FC6F08C9-EA4A-4A73-BD05-313EBAD9AFBC} = {A974AD4A-F5EF-4AD7-BAEE-7561FBC7118F}
		{750F39D2-A99C-4068-8C7F-5F22AA7458E5} = {A974AD4A-F5EF-4AD7-BAEE-7561FBC7118F}
		{D9BB18D8-E927-413F-BA05-B2DE9858E567} = {A974AD4A-F5EF-4AD7-BAEE-7561FBC7118F}
	EndGlobalSection
	GlobalSection(SolutionConfigurationPlatforms) = preSolution
		Debug|Any CPU = Debug|Any CPU
		Debug|x64 = Debug|x64
		Debug|x86 = Debug|x86
		Release|Any CPU = Release|Any CPU
		Release|x64 = Release|x64
		Release|x86 = Release|x86
	EndGlobalSection
	GlobalSection(ProjectConfigurationPlatforms) = postSolution
		{E2284820-6264-4896-8990-E280CD131441}.Debug|Any CPU.ActiveCfg = Debug|Any CPU
		{E2284820-6264-4896-8990-E280CD131441}.Debug|Any CPU.Build.0 = Debug|Any CPU
		{E2284820-6264-4896-8990-E280CD131441}.Debug|x64.ActiveCfg = Debug|Any CPU
		{E2284820-6264-4896-8990-E280CD131441}.Debug|x64.Build.0 = Debug|Any CPU
		{E2284820-6264-4896-8990-E280CD131441}.Debug|x86.ActiveCfg = Debug|Any CPU
		{E2284820-6264-4896-8990-E280CD131441}.Debug|x86.Build.0 = Debug|Any CPU
		{E2284820-6264-4896-8990-E280CD131441}.Release|Any CPU.ActiveCfg = Release|Any CPU
		{E2284820-6264-4896-8990-E280CD131441}.Release|Any CPU.Build.0 = Release|Any CPU
		{E2284820-6264-4896-8990-E280CD131441}.Release|x64.ActiveCfg = Release|Any CPU
		{E2284820-6264-4896-8990-E280CD131441}.Release|x64.Build.0 = Release|Any CPU
		{E2284820-6264-4896-8990-E280CD131441}.Release|x86.ActiveCfg = Release|Any CPU
		{E2284820-6264-4896-8990-E280CD131441}.Release|x86.Build.0 = Release|Any CPU
		{9540E748-331E-4C5E-8EF5-59258CDB9948}.Debug|Any CPU.ActiveCfg = Debug|Any CPU
		{9540E748-331E-4C5E-8EF5-59258CDB9948}.Debug|Any CPU.Build.0 = Debug|Any CPU
		{9540E748-331E-4C5E-8EF5-59258CDB9948}.Debug|x64.ActiveCfg = Debug|Any CPU
		{9540E748-331E-4C5E-8EF5-59258CDB9948}.Debug|x64.Build.0 = Debug|Any CPU
		{9540E748-331E-4C5E-8EF5-59258CDB9948}.Debug|x86.ActiveCfg = Debug|Any CPU
		{9540E748-331E-4C5E-8EF5-59258CDB9948}.Debug|x86.Build.0 = Debug|Any CPU
		{9540E748-331E-4C5E-8EF5-59258CDB9948}.Release|Any CPU.ActiveCfg = Release|Any CPU
		{9540E748-331E-4C5E-8EF5-59258CDB9948}.Release|Any CPU.Build.0 = Release|Any CPU
		{9540E748-331E-4C5E-8EF5-59258CDB9948}.Release|x64.ActiveCfg = Release|Any CPU
		{9540E748-331E-4C5E-8EF5-59258CDB9948}.Release|x64.Build.0 = Release|Any CPU
		{9540E748-331E-4C5E-8EF5-59258CDB9948}.Release|x86.ActiveCfg = Release|Any CPU
		{9540E748-331E-4C5E-8EF5-59258CDB9948}.Release|x86.Build.0 = Release|Any CPU
		{24367E89-C29D-4017-A898-91F5D83FAF99}.Debug|Any CPU.ActiveCfg = Debug|Any CPU
		{24367E89-C29D-4017-A898-91F5D83FAF99}.Debug|Any CPU.Build.0 = Debug|Any CPU
		{24367E89-C29D-4017-A898-91F5D83FAF99}.Debug|x64.ActiveCfg = Debug|Any CPU
		{24367E89-C29D-4017-A898-91F5D83FAF99}.Debug|x64.Build.0 = Debug|Any CPU
		{24367E89-C29D-4017-A898-91F5D83FAF99}.Debug|x86.ActiveCfg = Debug|Any CPU
		{24367E89-C29D-4017-A898-91F5D83FAF99}.Debug|x86.Build.0 = Debug|Any CPU
		{24367E89-C29D-4017-A898-91F5D83FAF99}.Release|Any CPU.ActiveCfg = Release|Any CPU
		{24367E89-C29D-4017-A898-91F5D83FAF99}.Release|Any CPU.Build.0 = Release|Any CPU
		{24367E89-C29D-4017-A898-91F5D83FAF99}.Release|x64.ActiveCfg = Release|Any CPU
		{24367E89-C29D-4017-A898-91F5D83FAF99}.Release|x64.Build.0 = Release|Any CPU
		{24367E89-C29D-4017-A898-91F5D83FAF99}.Release|x86.ActiveCfg = Release|Any CPU
		{24367E89-C29D-4017-A898-91F5D83FAF99}.Release|x86.Build.0 = Release|Any CPU
		{5541AD2C-A3C1-49C4-86E5-3BE617F24CFD}.Debug|Any CPU.ActiveCfg = Debug|Any CPU
		{5541AD2C-A3C1-49C4-86E5-3BE617F24CFD}.Debug|Any CPU.Build.0 = Debug|Any CPU
		{5541AD2C-A3C1-49C4-86E5-3BE617F24CFD}.Debug|x64.ActiveCfg = Debug|Any CPU
		{5541AD2C-A3C1-49C4-86E5-3BE617F24CFD}.Debug|x64.Build.0 = Debug|Any CPU
		{5541AD2C-A3C1-49C4-86E5-3BE617F24CFD}.Debug|x86.ActiveCfg = Debug|Any CPU
		{5541AD2C-A3C1-49C4-86E5-3BE617F24CFD}.Debug|x86.Build.0 = Debug|Any CPU
		{5541AD2C-A3C1-49C4-86E5-3BE617F24CFD}.Release|Any CPU.ActiveCfg = Release|Any CPU
		{5541AD2C-A3C1-49C4-86E5-3BE617F24CFD}.Release|Any CPU.Build.0 = Release|Any CPU
		{5541AD2C-A3C1-49C4-86E5-3BE617F24CFD}.Release|x64.ActiveCfg = Release|Any CPU
		{5541AD2C-A3C1-49C4-86E5-3BE617F24CFD}.Release|x64.Build.0 = Release|Any CPU
		{5541AD2C-A3C1-49C4-86E5-3BE617F24CFD}.Release|x86.ActiveCfg = Release|Any CPU
		{5541AD2C-A3C1-49C4-86E5-3BE617F24CFD}.Release|x86.Build.0 = Release|Any CPU
		{75D34481-5072-4F19-B4E3-343B41783B8E}.Debug|Any CPU.ActiveCfg = Debug|Any CPU
		{75D34481-5072-4F19-B4E3-343B41783B8E}.Debug|Any CPU.Build.0 = Debug|Any CPU
		{75D34481-5072-4F19-B4E3-343B41783B8E}.Debug|x64.ActiveCfg = Debug|Any CPU
		{75D34481-5072-4F19-B4E3-343B41783B8E}.Debug|x64.Build.0 = Debug|Any CPU
		{75D34481-5072-4F19-B4E3-343B41783B8E}.Debug|x86.ActiveCfg = Debug|Any CPU
		{75D34481-5072-4F19-B4E3-343B41783B8E}.Debug|x86.Build.0 = Debug|Any CPU
		{75D34481-5072-4F19-B4E3-343B41783B8E}.Release|Any CPU.ActiveCfg = Release|Any CPU
		{75D34481-5072-4F19-B4E3-343B41783B8E}.Release|Any CPU.Build.0 = Release|Any CPU
		{75D34481-5072-4F19-B4E3-343B41783B8E}.Release|x64.ActiveCfg = Release|Any CPU
		{75D34481-5072-4F19-B4E3-343B41783B8E}.Release|x64.Build.0 = Release|Any CPU
		{75D34481-5072-4F19-B4E3-343B41783B8E}.Release|x86.ActiveCfg = Release|Any CPU
		{75D34481-5072-4F19-B4E3-343B41783B8E}.Release|x86.Build.0 = Release|Any CPU
		{FC6F08C9-EA4A-4A73-BD05-313EBAD9AFBC}.Debug|Any CPU.ActiveCfg = Debug|Any CPU
		{FC6F08C9-EA4A-4A73-BD05-313EBAD9AFBC}.Debug|Any CPU.Build.0 = Debug|Any CPU
		{FC6F08C9-EA4A-4A73-BD05-313EBAD9AFBC}.Debug|x64.ActiveCfg = Debug|Any CPU
		{FC6F08C9-EA4A-4A73-BD05-313EBAD9AFBC}.Debug|x64.Build.0 = Debug|Any CPU
		{FC6F08C9-EA4A-4A73-BD05-313EBAD9AFBC}.Debug|x86.ActiveCfg = Debug|Any CPU
		{FC6F08C9-EA4A-4A73-BD05-313EBAD9AFBC}.Debug|x86.Build.0 = Debug|Any CPU
		{FC6F08C9-EA4A-4A73-BD05-313EBAD9AFBC}.Release|Any CPU.ActiveCfg = Release|Any CPU
		{FC6F08C9-EA4A-4A73-BD05-313EBAD9AFBC}.Release|Any CPU.Build.0 = Release|Any CPU
		{FC6F08C9-EA4A-4A73-BD05-313EBAD9AFBC}.Release|x64.ActiveCfg = Release|Any CPU
		{FC6F08C9-EA4A-4A73-BD05-313EBAD9AFBC}.Release|x64.Build.0 = Release|Any CPU
		{FC6F08C9-EA4A-4A73-BD05-313EBAD9AFBC}.Release|x86.ActiveCfg = Release|Any CPU
		{FC6F08C9-EA4A-4A73-BD05-313EBAD9AFBC}.Release|x86.Build.0 = Release|Any CPU
		{750F39D2-A99C-4068-8C7F-5F22AA7458E5}.Debug|Any CPU.ActiveCfg = Debug|Any CPU
		{750F39D2-A99C-4068-8C7F-5F22AA7458E5}.Debug|Any CPU.Build.0 = Debug|Any CPU
		{750F39D2-A99C-4068-8C7F-5F22AA7458E5}.Debug|x64.ActiveCfg = Debug|Any CPU
		{750F39D2-A99C-4068-8C7F-5F22AA7458E5}.Debug|x64.Build.0 = Debug|Any CPU
		{750F39D2-A99C-4068-8C7F-5F22AA7458E5}.Debug|x86.ActiveCfg = Debug|Any CPU
		{750F39D2-A99C-4068-8C7F-5F22AA7458E5}.Debug|x86.Build.0 = Debug|Any CPU
		{750F39D2-A99C-4068-8C7F-5F22AA7458E5}.Release|Any CPU.ActiveCfg = Release|Any CPU
		{750F39D2-A99C-4068-8C7F-5F22AA7458E5}.Release|Any CPU.Build.0 = Release|Any CPU
		{750F39D2-A99C-4068-8C7F-5F22AA7458E5}.Release|x64.ActiveCfg = Release|Any CPU
		{750F39D2-A99C-4068-8C7F-5F22AA7458E5}.Release|x64.Build.0 = Release|Any CPU
		{750F39D2-A99C-4068-8C7F-5F22AA7458E5}.Release|x86.ActiveCfg = Release|Any CPU
		{750F39D2-A99C-4068-8C7F-5F22AA7458E5}.Release|x86.Build.0 = Release|Any CPU
		{D9BB18D8-E927-413F-BA05-B2DE9858E567}.Debug|Any CPU.ActiveCfg = Debug|Any CPU
		{D9BB18D8-E927-413F-BA05-B2DE9858E567}.Debug|Any CPU.Build.0 = Debug|Any CPU
		{D9BB18D8-E927-413F-BA05-B2DE9858E567}.Debug|x64.ActiveCfg = Debug|Any CPU
		{D9BB18D8-E927-413F-BA05-B2DE9858E567}.Debug|x64.Build.0 = Debug|Any CPU
		{D9BB18D8-E927-413F-BA05-B2DE9858E567}.Debug|x86.ActiveCfg = Debug|Any CPU
		{D9BB18D8-E927-413F-BA05-B2DE9858E567}.Debug|x86.Build.0 = Debug|Any CPU
		{D9BB18D8-E927-413F-BA05-B2DE9858E567}.Release|Any CPU.ActiveCfg = Release|Any CPU
		{D9BB18D8-E927-413F-BA05-B2DE9858E567}.Release|Any CPU.Build.0 = Release|Any CPU
		{D9BB18D8-E927-413F-BA05-B2DE9858E567}.Release|x64.ActiveCfg = Release|Any CPU
		{D9BB18D8-E927-413F-BA05-B2DE9858E567}.Release|x64.Build.0 = Release|Any CPU
		{D9BB18D8-E927-413F-BA05-B2DE9858E567}.Release|x86.ActiveCfg = Release|Any CPU
		{D9BB18D8-E927-413F-BA05-B2DE9858E567}.Release|x86.Build.0 = Release|Any CPU
	EndGlobalSection
	GlobalSection(SolutionProperties) = preSolution
		HideSolutionNode = FALSE
	EndGlobalSection
	GlobalSection(ExtensibilityGlobals) = postSolution
		SolutionGuid = {D6F8902A-E995-494B-A01D-1CBB3E869F6E}
	EndGlobalSection
EndGlobal
